Microsoft Visual Studio Solution File, Format Version 12.00
# Visual Studio Version 17
VisualStudioVersion = 17.5.2.0
MinimumVisualStudioVersion = 10.0.40219.1
Project("{FAE04EC0-301F-11D3-BF4B-00C04F79EFBC}") = "ScienceJam", "ScienceJam.csproj", "{1AA91514-FDF3-6A07-1566-B5B070D6E039}"
EndProject
Global
	GlobalSection(SolutionConfigurationPlatforms) = preSolution
		Debug|Any CPU = Debug|Any CPU
		Release|Any CPU = Release|Any CPU
	EndGlobalSection
	GlobalSection(ProjectConfigurationPlatforms) = postSolution
		{1AA91514-FDF3-6A07-1566-B5B070D6E039}.Debug|Any CPU.ActiveCfg = Debug|Any CPU
		{1AA91514-FDF3-6A07-1566-B5B070D6E039}.Debug|Any CPU.Build.0 = Debug|Any CPU
		{1AA91514-FDF3-6A07-1566-B5B070D6E039}.Release|Any CPU.ActiveCfg = Release|Any CPU
		{1AA91514-FDF3-6A07-1566-B5B070D6E039}.Release|Any CPU.Build.0 = Release|Any CPU
	EndGlobalSection
	GlobalSection(SolutionProperties) = preSolution
		HideSolutionNode = FALSE
	EndGlobalSection
	GlobalSection(ExtensibilityGlobals) = postSolution
		SolutionGuid = {C554A9C5-E318-4BF7-B8FC-3FECC1F89A3C}
	EndGlobalSection
EndGlobal
